
Microsoft Visual Studio Solution File, Format Version 12.00
Project("{FAE04EC0-301F-11D3-BF4B-00C04F79EFBC}") = "TestProjection", "TestProjection\TestProjection.csproj", "{F41DC738-192F-49A9-8492-16DFD6624938}"
EndProject
Project("{FAE04EC0-301F-11D3-BF4B-00C04F79EFBC}") = "DataAccess", "DataAccess\DataAccess.csproj", "{E6664945-4DD0-41CC-99F6-21E09A361F8C}"
EndProject
Project("{FAE04EC0-301F-11D3-BF4B-00C04F79EFBC}") = "Domain", "Domain\Domain.csproj", "{3D2E17F3-8A4A-47A1-AC7F-47AC6F79AF33}"
EndProject
Global
	GlobalSection(SolutionConfigurationPlatforms) = preSolution
		Debug|Any CPU = Debug|Any CPU
		Release|Any CPU = Release|Any CPU
	EndGlobalSection
	GlobalSection(ProjectConfigurationPlatforms) = postSolution
		{F41DC738-192F-49A9-8492-16DFD6624938}.Debug|Any CPU.ActiveCfg = Debug|Any CPU
		{F41DC738-192F-49A9-8492-16DFD6624938}.Debug|Any CPU.Build.0 = Debug|Any CPU
		{F41DC738-192F-49A9-8492-16DFD6624938}.Release|Any CPU.ActiveCfg = Release|Any CPU
		{F41DC738-192F-49A9-8492-16DFD6624938}.Release|Any CPU.Build.0 = Release|Any CPU
		{E6664945-4DD0-41CC-99F6-21E09A361F8C}.Debug|Any CPU.ActiveCfg = Debug|Any CPU
		{E6664945-4DD0-41CC-99F6-21E09A361F8C}.Debug|Any CPU.Build.0 = Debug|Any CPU
		{E6664945-4DD0-41CC-99F6-21E09A361F8C}.Release|Any CPU.ActiveCfg = Release|Any CPU
		{E6664945-4DD0-41CC-99F6-21E09A361F8C}.Release|Any CPU.Build.0 = Release|Any CPU
		{3D2E17F3-8A4A-47A1-AC7F-47AC6F79AF33}.Debug|Any CPU.ActiveCfg = Debug|Any CPU
		{3D2E17F3-8A4A-47A1-AC7F-47AC6F79AF33}.Debug|Any CPU.Build.0 = Debug|Any CPU
		{3D2E17F3-8A4A-47A1-AC7F-47AC6F79AF33}.Release|Any CPU.ActiveCfg = Release|Any CPU
		{3D2E17F3-8A4A-47A1-AC7F-47AC6F79AF33}.Release|Any CPU.Build.0 = Release|Any CPU
	EndGlobalSection
EndGlobal
